
Microsoft Visual Studio Solution File, Format Version 12.00
# Visual Studio 15
VisualStudioVersion = 15.0.28307.102
MinimumVisualStudioVersion = 10.0.40219.1
Project("{FAE04EC0-301F-11D3-BF4B-00C04F79EFBC}") = "UDPSender", "UDPSender\UDPSender.csproj", "{67129E6E-F6DF-4365-B1BF-A0C1BDA13563}"
EndProject
Global
	GlobalSection(SolutionConfigurationPlatforms) = preSolution
		Debug|Any CPU = Debug|Any CPU
		Release|Any CPU = Release|Any CPU
	EndGlobalSection
	GlobalSection(ProjectConfigurationPlatforms) = postSolution
		{67129E6E-F6DF-4365-B1BF-A0C1BDA13563}.Debug|Any CPU.ActiveCfg = Debug|Any CPU
		{67129E6E-F6DF-4365-B1BF-A0C1BDA13563}.Debug|Any CPU.Build.0 = Debug|Any CPU
		{67129E6E-F6DF-4365-B1BF-A0C1BDA13563}.Release|Any CPU.ActiveCfg = Release|Any CPU
		{67129E6E-F6DF-4365-B1BF-A0C1BDA13563}.Release|Any CPU.Build.0 = Release|Any CPU
	EndGlobalSection
	GlobalSection(SolutionProperties) = preSolution
		HideSolutionNode = FALSE
	EndGlobalSection
	GlobalSection(ExtensibilityGlobals) = postSolution
		SolutionGuid = {C4E80D88-2A13-4CCF-964B-D8078DD9773A}
	EndGlobalSection
EndGlobal
